<?xml version="1.0" encoding="utf-8"?>
<Project ToolsVersion="4.0" xmlns="http://schemas.microsoft.com/developer/msbuild/2003">
  <ItemGroup>
    <Filter Include="Source">
      <UniqueIdentifier>{4FC737F1-C7A5-4376-A066-2A32D752A2FF}</UniqueIdentifier>
      <Extensions>cpp;c;cc;cxx;c++;cppm;ixx;def;odl;idl;hpj;bat;asm;asmx</Extensions>
    </Filter>
    <Filter Include="Source\RenderObjects">
      <UniqueIdentifier>{b41fd273-96db-43fe-8a85-c6b23f9ceb98}</UniqueIdentifier>
    </Filter>
  </ItemGroup>
  <ItemGroup>
    <ClInclude Include="Source\Main.h">
      <Filter>Source</Filter>
    </ClInclude>
    <ClInclude Include="Source\App.h">
      <Filter>Source</Filter>
    </ClInclude>
    <ClInclude Include="Source\RenderObject.h">
      <Filter>Source</Filter>
    </ClInclude>
    <ClInclude Include="Source\DrawHelper.h">
      <Filter>Source</Filter>
    </ClInclude>
    <ClInclude Include="Source\RenderObjects\RenderBall.h">
      <Filter>Source\RenderObjects</Filter>
    </ClInclude>
    <ClInclude Include="Source\RenderObjects\RenderRigidBody.h">
      <Filter>Source\RenderObjects</Filter>
    </ClInclude>
    <ClInclude Include="Source\RenderObjects\RenderWall.h">
      <Filter>Source\RenderObjects</Filter>
    </ClInclude>
    <ClInclude Include="Source\FramerateTracker.h">
      <Filter>Source</Filter>
    </ClInclude>
  </ItemGroup>
  <ItemGroup>
    <ClCompile Include="Source\Main.cpp">
      <Filter>Source</Filter>
    </ClCompile>
    <ClCompile Include="Source\App.cpp">
      <Filter>Source</Filter>
    </ClCompile>
    <ClCompile Include="Source\RenderObject.cpp">
      <Filter>Source</Filter>
    </ClCompile>
    <ClCompile Include="Source\DrawHelper.cpp">
      <Filter>Source</Filter>
    </ClCompile>
    <ClCompile Include="Source\RenderObjects\RenderBall.cpp">
      <Filter>Source\RenderObjects</Filter>
    </ClCompile>
    <ClCompile Include="Source\RenderObjects\RenderRigidBody.cpp">
      <Filter>Source\RenderObjects</Filter>
    </ClCompile>
    <ClCompile Include="Source\RenderObjects\RenderWall.cpp">
      <Filter>Source\RenderObjects</Filter>
    </ClCompile>
    <ClCompile Include="Source\FramerateTracker.cpp">
      <Filter>Source</Filter>
    </ClCompile>
  </ItemGroup>
</Project>